
Microsoft Visual Studio Solution File, Format Version 12.00
# Visual Studio Version 17
VisualStudioVersion = 17.14.36414.22 d17.14
MinimumVisualStudioVersion = 10.0.40219.1
Project("{FAE04EC0-301F-11D3-BF4B-00C04F79EFBC}") = "first-ukol", "first-ukol\first-ukol.csproj", "{04EC7FF2-506E-4E1B-A915-3A9489EA1524}"
EndProject
Global
	GlobalSection(SolutionConfigurationPlatforms) = preSolution
		Debug|Any CPU = Debug|Any CPU
		Release|Any CPU = Release|Any CPU
	EndGlobalSection
	GlobalSection(ProjectConfigurationPlatforms) = postSolution
		{04EC7FF2-506E-4E1B-A915-3A9489EA1524}.Debug|Any CPU.ActiveCfg = Debug|Any CPU
		{04EC7FF2-506E-4E1B-A915-3A9489EA1524}.Debug|Any CPU.Build.0 = Debug|Any CPU
		{04EC7FF2-506E-4E1B-A915-3A9489EA1524}.Release|Any CPU.ActiveCfg = Release|Any CPU
		{04EC7FF2-506E-4E1B-A915-3A9489EA1524}.Release|Any CPU.Build.0 = Release|Any CPU
	EndGlobalSection
	GlobalSection(SolutionProperties) = preSolution
		HideSolutionNode = FALSE
	EndGlobalSection
	GlobalSection(ExtensibilityGlobals) = postSolution
		SolutionGuid = {049E03B0-4CA6-46B4-98E0-0C6682E23413}
	EndGlobalSection
EndGlobal
